
Microsoft Visual Studio Solution File, Format Version 12.00
# Visual Studio 14
VisualStudioVersion = 14.0.25420.1
MinimumVisualStudioVersion = 10.0.40219.1
Project("{FAE04EC0-301F-11D3-BF4B-00C04F79EFBC}") = "Sprachtml", "Sprachtml\Sprachtml.csproj", "{9ED34187-68E6-41AD-B02C-E29C98446234}"
EndProject
Project("{FAE04EC0-301F-11D3-BF4B-00C04F79EFBC}") = "Sprachtml.Tests", "Sprachtml.Tests\Sprachtml.Tests.csproj", "{BAA1A422-729F-4189-BC57-C699D1A35E87}"
EndProject
Project("{FAE04EC0-301F-11D3-BF4B-00C04F79EFBC}") = "Sprachtml.Conventions", "Sprachtml.Conventions\Sprachtml.Conventions.csproj", "{7442D2C9-60E7-41AD-820F-DE9FE8B38220}"
EndProject
Project("{FAE04EC0-301F-11D3-BF4B-00C04F79EFBC}") = "Sprachtml.Conventions.Tests", "Sprachtml.Conventions.Tests\Sprachtml.Conventions.Tests.csproj", "{11ED33DE-F1D3-49DB-8CFB-CE30525498F3}"
EndProject
Global
	GlobalSection(SolutionConfigurationPlatforms) = preSolution
		Debug|Any CPU = Debug|Any CPU
		Release|Any CPU = Release|Any CPU
	EndGlobalSection
	GlobalSection(ProjectConfigurationPlatforms) = postSolution
		{9ED34187-68E6-41AD-B02C-E29C98446234}.Debug|Any CPU.ActiveCfg = Debug|Any CPU
		{9ED34187-68E6-41AD-B02C-E29C98446234}.Debug|Any CPU.Build.0 = Debug|Any CPU
		{9ED34187-68E6-41AD-B02C-E29C98446234}.Release|Any CPU.ActiveCfg = Release|Any CPU
		{9ED34187-68E6-41AD-B02C-E29C98446234}.Release|Any CPU.Build.0 = Release|Any CPU
		{BAA1A422-729F-4189-BC57-C699D1A35E87}.Debug|Any CPU.ActiveCfg = Debug|Any CPU
		{BAA1A422-729F-4189-BC57-C699D1A35E87}.Debug|Any CPU.Build.0 = Debug|Any CPU
		{BAA1A422-729F-4189-BC57-C699D1A35E87}.Release|Any CPU.ActiveCfg = Release|Any CPU
		{BAA1A422-729F-4189-BC57-C699D1A35E87}.Release|Any CPU.Build.0 = Release|Any CPU
		{7442D2C9-60E7-41AD-820F-DE9FE8B38220}.Debug|Any CPU.ActiveCfg = Debug|Any CPU
		{7442D2C9-60E7-41AD-820F-DE9FE8B38220}.Debug|Any CPU.Build.0 = Debug|Any CPU
		{7442D2C9-60E7-41AD-820F-DE9FE8B38220}.Release|Any CPU.ActiveCfg = Release|Any CPU
		{7442D2C9-60E7-41AD-820F-DE9FE8B38220}.Release|Any CPU.Build.0 = Release|Any CPU
		{11ED33DE-F1D3-49DB-8CFB-CE30525498F3}.Debug|Any CPU.ActiveCfg = Debug|Any CPU
		{11ED33DE-F1D3-49DB-8CFB-CE30525498F3}.Debug|Any CPU.Build.0 = Debug|Any CPU
		{11ED33DE-F1D3-49DB-8CFB-CE30525498F3}.Release|Any CPU.ActiveCfg = Release|Any CPU
		{11ED33DE-F1D3-49DB-8CFB-CE30525498F3}.Release|Any CPU.Build.0 = Release|Any CPU
	EndGlobalSection
	GlobalSection(SolutionProperties) = preSolution
		HideSolutionNode = FALSE
	EndGlobalSection
EndGlobal
